Microsoft Visual Studio Solution File, Format Version 12.00
# Visual Studio Version 17
VisualStudioVersion = 17.0.31903.59
MinimumVisualStudioVersion = 10.0.40219.1
Project("{2150E333-8FDC-42A3-9474-1A3956D46DE8}") = "Libraries", "Libraries", "{082BBF29-D2E7-4914-A49B-6B8712780B02}"
EndProject
Project("{FAE04EC0-301F-11D3-BF4B-00C04F79EFBC}") = "Project.Core", "Libraries\Project.Core\Project.Core.csproj", "{5965EB68-566B-4ACF-8384-6E0929E5B8DA}"
EndProject
Project("{FAE04EC0-301F-11D3-BF4B-00C04F79EFBC}") = "Project.Data", "Libraries\Project.Data\Project.Data.csproj", "{6AB4F42A-C403-4FF6-9EE3-BDE3C410625B}"
EndProject
Project("{FAE04EC0-301F-11D3-BF4B-00C04F79EFBC}") = "Project.Services", "Libraries\Project.Services\Project.Services.csproj", "{72A2A08B-F7BB-4D18-82AC-90FC94AABDC8}"
EndProject
Project("{2150E333-8FDC-42A3-9474-1A3956D46DE8}") = "Presentation", "Presentation", "{2BB46F4D-E2CD-45BE-8793-5E3D0E770A5D}"
EndProject
Project("{FAE04EC0-301F-11D3-BF4B-00C04F79EFBC}") = "Project.Web.Framework", "Presentation\Project.Web.Framework\Project.Web.Framework.csproj", "{8EBD43C5-E3E9-482B-A0AC-67D1165818F4}"
EndProject
Project("{FAE04EC0-301F-11D3-BF4B-00C04F79EFBC}") = "Project.Admin", "Presentation\Project.Admin\Project.Admin.csproj", "{F417223C-1482-4232-BAA6-BD5ED89ADE8B}"
EndProject
Global
	GlobalSection(SolutionConfigurationPlatforms) = preSolution
		Debug|Any CPU = Debug|Any CPU
		Release|Any CPU = Release|Any CPU
	EndGlobalSection
	GlobalSection(ProjectConfigurationPlatforms) = postSolution
		{5965EB68-566B-4ACF-8384-6E0929E5B8DA}.Debug|Any CPU.ActiveCfg = Debug|Any CPU
		{5965EB68-566B-4ACF-8384-6E0929E5B8DA}.Debug|Any CPU.Build.0 = Debug|Any CPU
		{5965EB68-566B-4ACF-8384-6E0929E5B8DA}.Release|Any CPU.ActiveCfg = Release|Any CPU
		{5965EB68-566B-4ACF-8384-6E0929E5B8DA}.Release|Any CPU.Build.0 = Release|Any CPU
		{6AB4F42A-C403-4FF6-9EE3-BDE3C410625B}.Debug|Any CPU.ActiveCfg = Debug|Any CPU
		{6AB4F42A-C403-4FF6-9EE3-BDE3C410625B}.Debug|Any CPU.Build.0 = Debug|Any CPU
		{6AB4F42A-C403-4FF6-9EE3-BDE3C410625B}.Release|Any CPU.ActiveCfg = Release|Any CPU
		{6AB4F42A-C403-4FF6-9EE3-BDE3C410625B}.Release|Any CPU.Build.0 = Release|Any CPU
		{72A2A08B-F7BB-4D18-82AC-90FC94AABDC8}.Debug|Any CPU.ActiveCfg = Debug|Any CPU
		{72A2A08B-F7BB-4D18-82AC-90FC94AABDC8}.Debug|Any CPU.Build.0 = Debug|Any CPU
		{72A2A08B-F7BB-4D18-82AC-90FC94AABDC8}.Release|Any CPU.ActiveCfg = Release|Any CPU
		{72A2A08B-F7BB-4D18-82AC-90FC94AABDC8}.Release|Any CPU.Build.0 = Release|Any CPU
		{8EBD43C5-E3E9-482B-A0AC-67D1165818F4}.Debug|Any CPU.ActiveCfg = Debug|Any CPU
		{8EBD43C5-E3E9-482B-A0AC-67D1165818F4}.Debug|Any CPU.Build.0 = Debug|Any CPU
		{8EBD43C5-E3E9-482B-A0AC-67D1165818F4}.Release|Any CPU.ActiveCfg = Release|Any CPU
		{8EBD43C5-E3E9-482B-A0AC-67D1165818F4}.Release|Any CPU.Build.0 = Release|Any CPU
		{F417223C-1482-4232-BAA6-BD5ED89ADE8B}.Debug|Any CPU.ActiveCfg = Debug|Any CPU
		{F417223C-1482-4232-BAA6-BD5ED89ADE8B}.Debug|Any CPU.Build.0 = Debug|Any CPU
		{F417223C-1482-4232-BAA6-BD5ED89ADE8B}.Release|Any CPU.ActiveCfg = Release|Any CPU
		{F417223C-1482-4232-BAA6-BD5ED89ADE8B}.Release|Any CPU.Build.0 = Release|Any CPU
	EndGlobalSection
	GlobalSection(SolutionProperties) = preSolution
		HideSolutionNode = FALSE
	EndGlobalSection
	GlobalSection(NestedProjects) = preSolution
		{5965EB68-566B-4ACF-8384-6E0929E5B8DA} = {082BBF29-D2E7-4914-A49B-6B8712780B02}
		{6AB4F42A-C403-4FF6-9EE3-BDE3C410625B} = {082BBF29-D2E7-4914-A49B-6B8712780B02}
		{72A2A08B-F7BB-4D18-82AC-90FC94AABDC8} = {082BBF29-D2E7-4914-A49B-6B8712780B02}
		{8EBD43C5-E3E9-482B-A0AC-67D1165818F4} = {2BB46F4D-E2CD-45BE-8793-5E3D0E770A5D}
		{F417223C-1482-4232-BAA6-BD5ED89ADE8B} = {2BB46F4D-E2CD-45BE-8793-5E3D0E770A5D}
	EndGlobalSection
	GlobalSection(ExtensibilityGlobals) = postSolution
		SolutionGuid = {EC4EF2B3-4E07-4A77-9558-C3832E016413}
	EndGlobalSection
EndGlobal
